
Microsoft Visual Studio Solution File, Format Version 12.00
# Visual Studio 14
VisualStudioVersion = 14.0.25420.1
MinimumVisualStudioVersion = 10.0.40219.1
Project("{FAE04EC0-301F-11D3-BF4B-00C04F79EFBC}") = "MA_InsuranceScraper", "MA_InsuranceScraper\MA_InsuranceScraper.csproj", "{D23011C7-7569-42E2-A364-C8F7B8C3220B}"
EndProject
Global
	GlobalSection(SolutionConfigurationPlatforms) = preSolution
		Debug|Any CPU = Debug|Any CPU
		Release|Any CPU = Release|Any CPU
	EndGlobalSection
	GlobalSection(ProjectConfigurationPlatforms) = postSolution
		{D23011C7-7569-42E2-A364-C8F7B8C3220B}.Debug|Any CPU.ActiveCfg = Debug|Any CPU
		{D23011C7-7569-42E2-A364-C8F7B8C3220B}.Debug|Any CPU.Build.0 = Debug|Any CPU
		{D23011C7-7569-42E2-A364-C8F7B8C3220B}.Release|Any CPU.ActiveCfg = Release|Any CPU
		{D23011C7-7569-42E2-A364-C8F7B8C3220B}.Release|Any CPU.Build.0 = Release|Any CPU
	EndGlobalSection
	GlobalSection(SolutionProperties) = preSolution
		HideSolutionNode = FALSE
	EndGlobalSection
EndGlobal
